
Microsoft Visual Studio Solution File, Format Version 12.00
# Visual Studio Version 17
VisualStudioVersion = 17.8.34330.188
MinimumVisualStudioVersion = 10.0.40219.1
Project("{2150E333-8FDC-42A3-9474-1A3956D46DE8}") = "src", "src", "{09C7A78B-08B6-4A61-B2E0-C37FEAFBDCF3}"
EndProject
Project("{2150E333-8FDC-42A3-9474-1A3956D46DE8}") = "test", "test", "{CB60DD83-242F-4D29-84A1-DA0C46C3B495}"
EndProject
Project("{9A19103F-16F7-4668-BE54-9A1E7A4F7556}") = "Bookify.Domain", "src\Bookify.Domain\Bookify.Domain.csproj", "{85B5F459-D9C9-4C69-9B5D-0C09CC301D07}"
EndProject
Project("{FAE04EC0-301F-11D3-BF4B-00C04F79EFBC}") = "Bookify.Application", "src\Bookify.Application\Bookify.Application.csproj", "{538075D6-F30D-4C81-BA62-AACDC5A447C7}"
EndProject
Project("{FAE04EC0-301F-11D3-BF4B-00C04F79EFBC}") = "Bookify.Infrastructure", "Bookify.Infrastructure\Bookify.Infrastructure.csproj", "{F1472EA5-5AF3-48EC-88DE-0B6D899491B7}"
EndProject
Global
	GlobalSection(SolutionConfigurationPlatforms) = preSolution
		Debug|Any CPU = Debug|Any CPU
		Release|Any CPU = Release|Any CPU
	EndGlobalSection
	GlobalSection(ProjectConfigurationPlatforms) = postSolution
		{85B5F459-D9C9-4C69-9B5D-0C09CC301D07}.Debug|Any CPU.ActiveCfg = Debug|Any CPU
		{85B5F459-D9C9-4C69-9B5D-0C09CC301D07}.Debug|Any CPU.Build.0 = Debug|Any CPU
		{85B5F459-D9C9-4C69-9B5D-0C09CC301D07}.Release|Any CPU.ActiveCfg = Release|Any CPU
		{85B5F459-D9C9-4C69-9B5D-0C09CC301D07}.Release|Any CPU.Build.0 = Release|Any CPU
		{538075D6-F30D-4C81-BA62-AACDC5A447C7}.Debug|Any CPU.ActiveCfg = Debug|Any CPU
		{538075D6-F30D-4C81-BA62-AACDC5A447C7}.Debug|Any CPU.Build.0 = Debug|Any CPU
		{538075D6-F30D-4C81-BA62-AACDC5A447C7}.Release|Any CPU.ActiveCfg = Release|Any CPU
		{538075D6-F30D-4C81-BA62-AACDC5A447C7}.Release|Any CPU.Build.0 = Release|Any CPU
		{F1472EA5-5AF3-48EC-88DE-0B6D899491B7}.Debug|Any CPU.ActiveCfg = Debug|Any CPU
		{F1472EA5-5AF3-48EC-88DE-0B6D899491B7}.Debug|Any CPU.Build.0 = Debug|Any CPU
		{F1472EA5-5AF3-48EC-88DE-0B6D899491B7}.Release|Any CPU.ActiveCfg = Release|Any CPU
		{F1472EA5-5AF3-48EC-88DE-0B6D899491B7}.Release|Any CPU.Build.0 = Release|Any CPU
	EndGlobalSection
	GlobalSection(SolutionProperties) = preSolution
		HideSolutionNode = FALSE
	EndGlobalSection
	GlobalSection(NestedProjects) = preSolution
		{85B5F459-D9C9-4C69-9B5D-0C09CC301D07} = {09C7A78B-08B6-4A61-B2E0-C37FEAFBDCF3}
		{538075D6-F30D-4C81-BA62-AACDC5A447C7} = {09C7A78B-08B6-4A61-B2E0-C37FEAFBDCF3}
	EndGlobalSection
	GlobalSection(ExtensibilityGlobals) = postSolution
		SolutionGuid = {DD9AC002-EB8C-4849-966D-8F8F67391D0C}
	EndGlobalSection
EndGlobal
